
Microsoft Visual Studio Solution File, Format Version 12.00
# Visual Studio Version 17
VisualStudioVersion = 17.14.36109.1 d17.14
MinimumVisualStudioVersion = 10.0.40219.1
Project("{FAE04EC0-301F-11D3-BF4B-00C04F79EFBC}") = "WindowBasedLearningPlatform.WindowApp", "WindowBasedLearningPlatform.WindowApp\WindowBasedLearningPlatform.WindowApp.csproj", "{C7B413F6-2D23-4343-AEB7-E0B3D4264764}"
EndProject
Global
	GlobalSection(SolutionConfigurationPlatforms) = preSolution
		Debug|Any CPU = Debug|Any CPU
		Release|Any CPU = Release|Any CPU
	EndGlobalSection
	GlobalSection(ProjectConfigurationPlatforms) = postSolution
		{C7B413F6-2D23-4343-AEB7-E0B3D4264764}.Debug|Any CPU.ActiveCfg = Debug|Any CPU
		{C7B413F6-2D23-4343-AEB7-E0B3D4264764}.Debug|Any CPU.Build.0 = Debug|Any CPU
		{C7B413F6-2D23-4343-AEB7-E0B3D4264764}.Release|Any CPU.ActiveCfg = Release|Any CPU
		{C7B413F6-2D23-4343-AEB7-E0B3D4264764}.Release|Any CPU.Build.0 = Release|Any CPU
	EndGlobalSection
	GlobalSection(SolutionProperties) = preSolution
		HideSolutionNode = FALSE
	EndGlobalSection
	GlobalSection(ExtensibilityGlobals) = postSolution
		SolutionGuid = {F36DF8CC-BD47-427B-AC9D-274ED611E838}
	EndGlobalSection
EndGlobal
